// !$*UTF8*$!
{
	archiveVersion = 1;
	classes = {
	};
	objectVersion = 56;
	objects = {

/* Begin PBXBuildFile section */
		E7BCBF7E2C44389E00372983 /* SoundWeaverTabletApp.swift in Sources */ = {isa = PBXBuildFile; fileRef = E7BCBF7D2C44389E00372983 /* SoundWeaverTabletApp.swift */; };
		E7BCBF802C44389E00372983 /* ContentView.swift in Sources */ = {isa = PBXBuildFile; fileRef = E7BCBF7F2C44389E00372983 /* ContentView.swift */; };
		E7BCBF822C44389F00372983 /* Assets.xcassets in Resources */ = {isa = PBXBuildFile; fileRef = E7BCBF812C44389F00372983 /* Assets.xcassets */; };
		E7BCBF852C44389F00372983 /* Preview Assets.xcassets in Resources */ = {isa = PBXBuildFile; fileRef = E7BCBF842C44389F00372983 /* Preview Assets.xcassets */; };
		E7BCBF8D2C443A6800372983 /* AwarenessView.swift in Sources */ = {isa = PBXBuildFile; fileRef = E7BCBF8C2C443A6800372983 /* AwarenessView.swift */; };
		E7BCBF8F2C443A6F00372983 /* ActionView.swift in Sources */ = {isa = PBXBuildFile; fileRef = E7BCBF8E2C443A6F00372983 /* ActionView.swift */; };
		E7BCBF912C443A7600372983 /* SocialView.swift in Sources */ = {isa = PBXBuildFile; fileRef = E7BCBF902C443A7600372983 /* SocialView.swift */; };
		E7BCBF932C443BE200372983 /* GoogleService-Info.plist in Resources */ = {isa = PBXBuildFile; fileRef = E7BCBF922C443BE200372983 /* GoogleService-Info.plist */; };
		E7BCBF962C443C2600372983 /* FirebaseAnalytics in Frameworks */ = {isa = PBXBuildFile; productRef = E7BCBF952C443C2600372983 /* FirebaseAnalytics */; };
		E7BCBF982C443C2600372983 /* FirebaseAnalyticsOnDeviceConversion in Frameworks */ = {isa = PBXBuildFile; productRef = E7BCBF972C443C2600372983 /* FirebaseAnalyticsOnDeviceConversion */; };
		E7BCBF9A2C443C2600372983 /* FirebaseAnalyticsSwift in Frameworks */ = {isa = PBXBuildFile; productRef = E7BCBF992C443C2600372983 /* FirebaseAnalyticsSwift */; };
		E7BCBF9C2C443C2600372983 /* FirebaseDatabase in Frameworks */ = {isa = PBXBuildFile; productRef = E7BCBF9B2C443C2600372983 /* FirebaseDatabase */; };
		E7BCBF9E2C443C2600372983 /* FirebaseDatabaseSwift in Frameworks */ = {isa = PBXBuildFile; productRef = E7BCBF9D2C443C2600372983 /* FirebaseDatabaseSwift */; };
		E7BCBFA02C443C2600372983 /* FirebaseFirestore in Frameworks */ = {isa = PBXBuildFile; productRef = E7BCBF9F2C443C2600372983 /* FirebaseFirestore */; };
		E7BCBFA22C443C2600372983 /* FirebaseFirestoreCombine-Community in Frameworks */ = {isa = PBXBuildFile; productRef = E7BCBFA12C443C2600372983 /* FirebaseFirestoreCombine-Community */; };
		E7BCBFA42C443C2600372983 /* FirebaseFirestoreSwift in Frameworks */ = {isa = PBXBuildFile; productRef = E7BCBFA32C443C2600372983 /* FirebaseFirestoreSwift */; };
		E7BCBFA62C443E0900372983 /* AudioClassifier.swift in Sources */ = {isa = PBXBuildFile; fileRef = E7BCBFA52C443E0900372983 /* AudioClassifier.swift */; };
		E7BCBFA92C443E5600372983 /* ClassificationResultsSubject.swift in Sources */ = {isa = PBXBuildFile; fileRef = E7BCBFA82C443E5600372983 /* ClassificationResultsSubject.swift */; };
		E7BCBFAB2C443E7300372983 /* SoundIdentifier.swift in Sources */ = {isa = PBXBuildFile; fileRef = E7BCBFAA2C443E7300372983 /* SoundIdentifier.swift */; };
		E7BCBFAD2C443E8B00372983 /* DetectionState.swift in Sources */ = {isa = PBXBuildFile; fileRef = E7BCBFAC2C443E8B00372983 /* DetectionState.swift */; };
		E7BCBFAF2C44455800372983 /* AwarenessSoundDetectionView.swift in Sources */ = {isa = PBXBuildFile; fileRef = E7BCBFAE2C44455800372983 /* AwarenessSoundDetectionView.swift */; };
		E7BCBFB12C46A67500372983 /* AwarenessDirectionView.swift in Sources */ = {isa = PBXBuildFile; fileRef = E7BCBFB02C46A67500372983 /* AwarenessDirectionView.swift */; };
/* End PBXBuildFile section */

/* Begin PBXFileReference section */
		E7BCBF7A2C44389E00372983 /* SoundWeaverTablet.app */ = {isa = PBXFileReference; explicitFileType = wrapper.application; includeInIndex = 0; path = SoundWeaverTablet.app; sourceTree = BUILT_PRODUCTS_DIR; };
		E7BCBF7D2C44389E00372983 /* SoundWeaverTabletApp.swift */ = {isa = PBXFileReference; lastKnownFileType = sourcecode.swift; path = SoundWeaverTabletApp.swift; sourceTree = "<group>"; };
		E7BCBF7F2C44389E00372983 /* ContentView.swift */ = {isa = PBXFileReference; lastKnownFileType = sourcecode.swift; path = ContentView.swift; sourceTree = "<group>"; };
		E7BCBF812C44389F00372983 /* Assets.xcassets */ = {isa = PBXFileReference; lastKnownFileType = folder.assetcatalog; path = Assets.xcassets; sourceTree = "<group>"; };
		E7BCBF842C44389F00372983 /* Preview Assets.xcassets */ = {isa = PBXFileReference; lastKnownFileType = folder.assetcatalog; path = "Preview Assets.xcassets"; sourceTree = "<group>"; };
		E7BCBF8C2C443A6800372983 /* AwarenessView.swift */ = {isa = PBXFileReference; lastKnownFileType = sourcecode.swift; path = AwarenessView.swift; sourceTree = "<group>"; };
		E7BCBF8E2C443A6F00372983 /* ActionView.swift */ = {isa = PBXFileReference; lastKnownFileType = sourcecode.swift; path = ActionView.swift; sourceTree = "<group>"; };
		E7BCBF902C443A7600372983 /* SocialView.swift */ = {isa = PBXFileReference; lastKnownFileType = sourcecode.swift; path = SocialView.swift; sourceTree = "<group>"; };
		E7BCBF922C443BE200372983 /* GoogleService-Info.plist */ = {isa = PBXFileReference; fileEncoding = 4; lastKnownFileType = text.plist.xml; path = "GoogleService-Info.plist"; sourceTree = "<group>"; };
		E7BCBFA52C443E0900372983 /* AudioClassifier.swift */ = {isa = PBXFileReference; lastKnownFileType = sourcecode.swift; path = AudioClassifier.swift; sourceTree = "<group>"; };
		E7BCBFA82C443E5600372983 /* ClassificationResultsSubject.swift */ = {isa = PBXFileReference; lastKnownFileType = sourcecode.swift; path = ClassificationResultsSubject.swift; sourceTree = "<group>"; };
		E7BCBFAA2C443E7300372983 /* SoundIdentifier.swift */ = {isa = PBXFileReference; lastKnownFileType = sourcecode.swift; path = SoundIdentifier.swift; sourceTree = "<group>"; };
		E7BCBFAC2C443E8B00372983 /* DetectionState.swift */ = {isa = PBXFileReference; lastKnownFileType = sourcecode.swift; path = DetectionState.swift; sourceTree = "<group>"; };
		E7BCBFAE2C44455800372983 /* AwarenessSoundDetectionView.swift */ = {isa = PBXFileReference; lastKnownFileType = sourcecode.swift; path = AwarenessSoundDetectionView.swift; sourceTree = "<group>"; };
		E7BCBFB02C46A67500372983 /* AwarenessDirectionView.swift */ = {isa = PBXFileReference; lastKnownFileType = sourcecode.swift; path = AwarenessDirectionView.swift; sourceTree = "<group>"; };
/* End PBXFileReference section */

/* Begin PBXFrameworksBuildPhase section */
		E7BCBF772C44389E00372983 /* Frameworks */ = {
			isa = PBXFrameworksBuildPhase;
			buildActionMask = 2147483647;
			files = (
				E7BCBF9E2C443C2600372983 /* FirebaseDatabaseSwift in Frameworks */,
				E7BCBF9A2C443C2600372983 /* FirebaseAnalyticsSwift in Frameworks */,
				E7BCBF962C443C2600372983 /* FirebaseAnalytics in Frameworks */,
				E7BCBF9C2C443C2600372983 /* FirebaseDatabase in Frameworks */,
				E7BCBF982C443C2600372983 /* FirebaseAnalyticsOnDeviceConversion in Frameworks */,
				E7BCBFA02C443C2600372983 /* FirebaseFirestore in Frameworks */,
				E7BCBFA22C443C2600372983 /* FirebaseFirestoreCombine-Community in Frameworks */,
				E7BCBFA42C443C2600372983 /* FirebaseFirestoreSwift in Frameworks */,
			);
			runOnlyForDeploymentPostprocessing = 0;
		};
/* End PBXFrameworksBuildPhase section */

/* Begin PBXGroup section */
		E7BCBF712C44389E00372983 = {
			isa = PBXGroup;
			children = (
				E7BCBF7C2C44389E00372983 /* SoundWeaverTablet */,
				E7BCBF7B2C44389E00372983 /* Products */,
			);
			sourceTree = "<group>";
		};
		E7BCBF7B2C44389E00372983 /* Products */ = {
			isa = PBXGroup;
			children = (
				E7BCBF7A2C44389E00372983 /* SoundWeaverTablet.app */,
			);
			name = Products;
			sourceTree = "<group>";
		};
		E7BCBF7C2C44389E00372983 /* SoundWeaverTablet */ = {
			isa = PBXGroup;
			children = (
				E7BCBFA72C443E4600372983 /* Helper */,
				E7BCBF922C443BE200372983 /* GoogleService-Info.plist */,
				E7BCBF8B2C443A5E00372983 /* Views */,
				E7BCBF7D2C44389E00372983 /* SoundWeaverTabletApp.swift */,
				E7BCBF7F2C44389E00372983 /* ContentView.swift */,
				E7BCBF812C44389F00372983 /* Assets.xcassets */,
				E7BCBF832C44389F00372983 /* Preview Content */,
				E7BCBFA52C443E0900372983 /* AudioClassifier.swift */,
			);
			path = SoundWeaverTablet;
			sourceTree = "<group>";
		};
		E7BCBF832C44389F00372983 /* Preview Content */ = {
			isa = PBXGroup;
			children = (
				E7BCBF842C44389F00372983 /* Preview Assets.xcassets */,
			);
			path = "Preview Content";
			sourceTree = "<group>";
		};
		E7BCBF8B2C443A5E00372983 /* Views */ = {
			isa = PBXGroup;
			children = (
				E7BCBF8C2C443A6800372983 /* AwarenessView.swift */,
				E7BCBFAE2C44455800372983 /* AwarenessSoundDetectionView.swift */,
				E7BCBFB02C46A67500372983 /* AwarenessDirectionView.swift */,
				E7BCBF8E2C443A6F00372983 /* ActionView.swift */,
				E7BCBF902C443A7600372983 /* SocialView.swift */,
			);
			path = Views;
			sourceTree = "<group>";
		};
		E7BCBFA72C443E4600372983 /* Helper */ = {
			isa = PBXGroup;
			children = (
				E7BCBFA82C443E5600372983 /* ClassificationResultsSubject.swift */,
				E7BCBFAA2C443E7300372983 /* SoundIdentifier.swift */,
				E7BCBFAC2C443E8B00372983 /* DetectionState.swift */,
			);
			path = Helper;
			sourceTree = "<group>";
		};
/* End PBXGroup section */

/* Begin PBXNativeTarget section */
		E7BCBF792C44389E00372983 /* SoundWeaverTablet */ = {
			isa = PBXNativeTarget;
			buildConfigurationList = E7BCBF882C44389F00372983 /* Build configuration list for PBXNativeTarget "SoundWeaverTablet" */;
			buildPhases = (
				E7BCBF762C44389E00372983 /* Sources */,
				E7BCBF772C44389E00372983 /* Frameworks */,
				E7BCBF782C44389E00372983 /* Resources */,
			);
			buildRules = (
			);
			dependencies = (
			);
			name = SoundWeaverTablet;
			packageProductDependencies = (
				E7BCBF952C443C2600372983 /* FirebaseAnalytics */,
				E7BCBF972C443C2600372983 /* FirebaseAnalyticsOnDeviceConversion */,
				E7BCBF992C443C2600372983 /* FirebaseAnalyticsSwift */,
				E7BCBF9B2C443C2600372983 /* FirebaseDatabase */,
				E7BCBF9D2C443C2600372983 /* FirebaseDatabaseSwift */,
				E7BCBF9F2C443C2600372983 /* FirebaseFirestore */,
				E7BCBFA12C443C2600372983 /* FirebaseFirestoreCombine-Community */,
				E7BCBFA32C443C2600372983 /* FirebaseFirestoreSwift */,
			);
			productName = SoundWeaverTablet;
			productReference = E7BCBF7A2C44389E00372983 /* SoundWeaverTablet.app */;
			productType = "com.apple.product-type.application";
		};
/* End PBXNativeTarget section */

/* Begin PBXProject section */
		E7BCBF722C44389E00372983 /* Project object */ = {
			isa = PBXProject;
			attributes = {
				BuildIndependentTargetsInParallel = 1;
				LastSwiftUpdateCheck = 1540;
				LastUpgradeCheck = 1540;
				TargetAttributes = {
					E7BCBF792C44389E00372983 = {
						CreatedOnToolsVersion = 15.4;
					};
				};
			};
			buildConfigurationList = E7BCBF752C44389E00372983 /* Build configuration list for PBXProject "SoundWeaverTablet" */;
			compatibilityVersion = "Xcode 14.0";
			developmentRegion = en;
			hasScannedForEncodings = 0;
			knownRegions = (
				en,
				Base,
			);
			mainGroup = E7BCBF712C44389E00372983;
			packageReferences = (
				E7BCBF942C443C2600372983 /* XCRemoteSwiftPackageReference "firebase-ios-sdk" */,
			);
			productRefGroup = E7BCBF7B2C44389E00372983 /* Products */;
			projectDirPath = "";
			projectRoot = "";
			targets = (
				E7BCBF792C44389E00372983 /* SoundWeaverTablet */,
			);
		};
/* End PBXProject section */

/* Begin PBXResourcesBuildPhase section */
		E7BCBF782C44389E00372983 /* Resources */ = {
			isa = PBXResourcesBuildPhase;
			buildActionMask = 2147483647;
			files = (
				E7BCBF852C44389F00372983 /* Preview Assets.xcassets in Resources */,
				E7BCBF822C44389F00372983 /* Assets.xcassets in Resources */,
				E7BCBF932C443BE200372983 /* GoogleService-Info.plist in Resources */,
			);
			runOnlyForDeploymentPostprocessing = 0;
		};
/* End PBXResourcesBuildPhase section */

/* Begin PBXSourcesBuildPhase section */
		E7BCBF762C44389E00372983 /* Sources */ = {
			isa = PBXSourcesBuildPhase;
			buildActionMask = 2147483647;
			files = (
				E7BCBF8F2C443A6F00372983 /* ActionView.swift in Sources */,
				E7BCBFA92C443E5600372983 /* ClassificationResultsSubject.swift in Sources */,
				E7BCBFAF2C44455800372983 /* AwarenessSoundDetectionView.swift in Sources */,
				E7BCBFAD2C443E8B00372983 /* DetectionState.swift in Sources */,
				E7BCBFB12C46A67500372983 /* AwarenessDirectionView.swift in Sources */,
				E7BCBF912C443A7600372983 /* SocialView.swift in Sources */,
				E7BCBF8D2C443A6800372983 /* AwarenessView.swift in Sources */,
				E7BCBFAB2C443E7300372983 /* SoundIdentifier.swift in Sources */,
				E7BCBFA62C443E0900372983 /* AudioClassifier.swift in Sources */,
				E7BCBF802C44389E00372983 /* ContentView.swift in Sources */,
				E7BCBF7E2C44389E00372983 /* SoundWeaverTabletApp.swift in Sources */,
			);
			runOnlyForDeploymentPostprocessing = 0;
		};
/* End PBXSourcesBuildPhase section */

/* Begin XCBuildConfiguration section */
		E7BCBF862C44389F00372983 /* Debug */ = {
			isa = XCBuildConfiguration;
			buildSettings = {
				ALWAYS_SEARCH_USER_PATHS = NO;
				ASSETCATALOG_COMPILER_GENERATE_SWIFT_ASSET_SYMBOL_EXTENSIONS = YES;
				CLANG_ANALYZER_NONNULL = YES;
				CLANG_ANALYZER_NUMBER_OBJECT_CONVERSION = YES_AGGRESSIVE;
				CLANG_CXX_LANGUAGE_STANDARD = "gnu++20";
				CLANG_ENABLE_MODULES = YES;
				CLANG_ENABLE_OBJC_ARC = YES;
				CLANG_ENABLE_OBJC_WEAK = YES;
				CLANG_WARN_BLOCK_CAPTURE_AUTORELEASING = YES;
				CLANG_WARN_BOOL_CONVERSION = YES;
				CLANG_WARN_COMMA = YES;
				CLANG_WARN_CONSTANT_CONVERSION = YES;
				CLANG_WARN_DEPRECATED_OBJC_IMPLEMENTATIONS = YES;
				CLANG_WARN_DIRECT_OBJC_ISA_USAGE = YES_ERROR;
				CLANG_WARN_DOCUMENTATION_COMMENTS = YES;
				CLANG_WARN_EMPTY_BODY = YES;
				CLANG_WARN_ENUM_CONVERSION = YES;
				CLANG_WARN_INFINITE_RECURSION = YES;
				CLANG_WARN_INT_CONVERSION = YES;
				CLANG_WARN_NON_LITERAL_NULL_CONVERSION = YES;
				CLANG_WARN_OBJC_IMPLICIT_RETAIN_SELF = YES;
				CLANG_WARN_OBJC_LITERAL_CONVERSION = YES;
				CLANG_WARN_OBJC_ROOT_CLASS = YES_ERROR;
				CLANG_WARN_QUOTED_INCLUDE_IN_FRAMEWORK_HEADER = YES;
				CLANG_WARN_RANGE_LOOP_ANALYSIS = YES;
				CLANG_WARN_STRICT_PROTOTYPES = YES;
				CLANG_WARN_SUSPICIOUS_MOVE = YES;
				CLANG_WARN_UNGUARDED_AVAILABILITY = YES_AGGRESSIVE;
				CLANG_WARN_UNREACHABLE_CODE = YES;
				CLANG_WARN__DUPLICATE_METHOD_MATCH = YES;
				COPY_PHASE_STRIP = NO;
				DEBUG_INFORMATION_FORMAT = dwarf;
				ENABLE_STRICT_OBJC_MSGSEND = YES;
				ENABLE_TESTABILITY = YES;
				ENABLE_USER_SCRIPT_SANDBOXING = YES;
				GCC_C_LANGUAGE_STANDARD = gnu17;
				GCC_DYNAMIC_NO_PIC = NO;
				GCC_NO_COMMON_BLOCKS = YES;
				GCC_OPTIMIZATION_LEVEL = 0;
				GCC_PREPROCESSOR_DEFINITIONS = (
					"DEBUG=1",
					"$(inherited)",
				);
				GCC_WARN_64_TO_32_BIT_CONVERSION = YES;
				GCC_WARN_ABOUT_RETURN_TYPE = YES_ERROR;
				GCC_WARN_UNDECLARED_SELECTOR = YES;
				GCC_WARN_UNINITIALIZED_AUTOS = YES_AGGRESSIVE;
				GCC_WARN_UNUSED_FUNCTION = YES;
				GCC_WARN_UNUSED_VARIABLE = YES;
				IPHONEOS_DEPLOYMENT_TARGET = 17.5;
				LOCALIZATION_PREFERS_STRING_CATALOGS = YES;
				MTL_ENABLE_DEBUG_INFO = INCLUDE_SOURCE;
				MTL_FAST_MATH = YES;
				ONLY_ACTIVE_ARCH = YES;
				SDKROOT = iphoneos;
				SWIFT_ACTIVE_COMPILATION_CONDITIONS = "DEBUG $(inherited)";
				SWIFT_OPTIMIZATION_LEVEL = "-Onone";
			};
			name = Debug;
		};
		E7BCBF872C44389F00372983 /* Release */ = {
			isa = XCBuildConfiguration;
			buildSettings = {
				ALWAYS_SEARCH_USER_PATHS = NO;
				ASSETCATALOG_COMPILER_GENERATE_SWIFT_ASSET_SYMBOL_EXTENSIONS = YES;
				CLANG_ANALYZER_NONNULL = YES;
				CLANG_ANALYZER_NUMBER_OBJECT_CONVERSION = YES_AGGRESSIVE;
				CLANG_CXX_LANGUAGE_STANDARD = "gnu++20";
				CLANG_ENABLE_MODULES = YES;
				CLANG_ENABLE_OBJC_ARC = YES;
				CLANG_ENABLE_OBJC_WEAK = YES;
				CLANG_WARN_BLOCK_CAPTURE_AUTORELEASING = YES;
				CLANG_WARN_BOOL_CONVERSION = YES;
				CLANG_WARN_COMMA = YES;
				CLANG_WARN_CONSTANT_CONVERSION = YES;
				CLANG_WARN_DEPRECATED_OBJC_IMPLEMENTATIONS = YES;
				CLANG_WARN_DIRECT_OBJC_ISA_USAGE = YES_ERROR;
				CLANG_WARN_DOCUMENTATION_COMMENTS = YES;
				CLANG_WARN_EMPTY_BODY = YES;
				CLANG_WARN_ENUM_CONVERSION = YES;
				CLANG_WARN_INFINITE_RECURSION = YES;
				CLANG_WARN_INT_CONVERSION = YES;
				CLANG_WARN_NON_LITERAL_NULL_CONVERSION = YES;
				CLANG_WARN_OBJC_IMPLICIT_RETAIN_SELF = YES;
				CLANG_WARN_OBJC_LITERAL_CONVERSION = YES;
				CLANG_WARN_OBJC_ROOT_CLASS = YES_ERROR;
				CLANG_WARN_QUOTED_INCLUDE_IN_FRAMEWORK_HEADER = YES;
				CLANG_WARN_RANGE_LOOP_ANALYSIS = YES;
				CLANG_WARN_STRICT_PROTOTYPES = YES;
				CLANG_WARN_SUSPICIOUS_MOVE = YES;
				CLANG_WARN_UNGUARDED_AVAILABILITY = YES_AGGRESSIVE;
				CLANG_WARN_UNREACHABLE_CODE = YES;
				CLANG_WARN__DUPLICATE_METHOD_MATCH = YES;
				COPY_PHASE_STRIP = NO;
				DEBUG_INFORMATION_FORMAT = "dwarf-with-dsym";
				ENABLE_NS_ASSERTIONS = NO;
				ENABLE_STRICT_OBJC_MSGSEND = YES;
				ENABLE_USER_SCRIPT_SANDBOXING = YES;
				GCC_C_LANGUAGE_STANDARD = gnu17;
				GCC_NO_COMMON_BLOCKS = YES;
				GCC_WARN_64_TO_32_BIT_CONVERSION = YES;
				GCC_WARN_ABOUT_RETURN_TYPE = YES_ERROR;
				GCC_WARN_UNDECLARED_SELECTOR = YES;
				GCC_WARN_UNINITIALIZED_AUTOS = YES_AGGRESSIVE;
				GCC_WARN_UNUSED_FUNCTION = YES;
				GCC_WARN_UNUSED_VARIABLE = YES;
				IPHONEOS_DEPLOYMENT_TARGET = 17.5;
				LOCALIZATION_PREFERS_STRING_CATALOGS = YES;
				MTL_ENABLE_DEBUG_INFO = NO;
				MTL_FAST_MATH = YES;
				SDKROOT = iphoneos;
				SWIFT_COMPILATION_MODE = wholemodule;
				VALIDATE_PRODUCT = YES;
			};
			name = Release;
		};
		E7BCBF892C44389F00372983 /* Debug */ = {
			isa = XCBuildConfiguration;
			buildSettings = {
				ASSETCATALOG_COMPILER_APPICON_NAME = AppIcon;
				ASSETCATALOG_COMPILER_GLOBAL_ACCENT_COLOR_NAME = AccentColor;
				CODE_SIGN_STYLE = Automatic;
				CURRENT_PROJECT_VERSION = 1;
				DEVELOPMENT_ASSET_PATHS = "\"SoundWeaverTablet/Preview Content\"";
				DEVELOPMENT_TEAM = ST54V5XQY4;
				ENABLE_PREVIEWS = YES;
				GENERATE_INFOPLIST_FILE = YES;
				INFOPLIST_KEY_NSMicrophoneUsageDescription = "This application would like access to the microphone to detect and display sounds occuring in the environment.";
				INFOPLIST_KEY_UIApplicationSceneManifest_Generation = YES;
				INFOPLIST_KEY_UIApplicationSupportsIndirectInputEvents = YES;
				INFOPLIST_KEY_UILaunchScreen_Generation = YES;
				INFOPLIST_KEY_UISupportedInterfaceOrientations_iPad = "UIInterfaceOrientationPortrait UIInterfaceOrientationPortraitUpsideDown UIInterfaceOrientationLandscapeLeft UIInterfaceOrientationLandscapeRight";
				INFOPLIST_KEY_UISupportedInterfaceOrientations_iPhone = "UIInterfaceOrientationPortrait UIInterfaceOrientationLandscapeLeft UIInterfaceOrientationLandscapeRight";
				LD_RUNPATH_SEARCH_PATHS = (
					"$(inherited)",
					"@executable_path/Frameworks",
				);
				MARKETING_VERSION = 1.0;
				PRODUCT_BUNDLE_IDENTIFIER = zjhuang.SoundWeaverTablet;
				PRODUCT_NAME = "$(TARGET_NAME)";
				SWIFT_EMIT_LOC_STRINGS = YES;
				SWIFT_VERSION = 5.0;
				TARGETED_DEVICE_FAMILY = "1,2";
			};
			name = Debug;
		};
		E7BCBF8A2C44389F00372983 /* Release */ = {
			isa = XCBuildConfiguration;
			buildSettings = {
				ASSETCATALOG_COMPILER_APPICON_NAME = AppIcon;
				ASSETCATALOG_COMPILER_GLOBAL_ACCENT_COLOR_NAME = AccentColor;
				CODE_SIGN_STYLE = Automatic;
				CURRENT_PROJECT_VERSION = 1;
				DEVELOPMENT_ASSET_PATHS = "\"SoundWeaverTablet/Preview Content\"";
				DEVELOPMENT_TEAM = ST54V5XQY4;
				ENABLE_PREVIEWS = YES;
				GENERATE_INFOPLIST_FILE = YES;
				INFOPLIST_KEY_NSMicrophoneUsageDescription = "This application would like access to the microphone to detect and display sounds occuring in the environment.";
				INFOPLIST_KEY_UIApplicationSceneManifest_Generation = YES;
				INFOPLIST_KEY_UIApplicationSupportsIndirectInputEvents = YES;
				INFOPLIST_KEY_UILaunchScreen_Generation = YES;
				INFOPLIST_KEY_UISupportedInterfaceOrientations_iPad = "UIInterfaceOrientationPortrait UIInterfaceOrientationPortraitUpsideDown UIInterfaceOrientationLandscapeLeft UIInterfaceOrientationLandscapeRight";
				INFOPLIST_KEY_UISupportedInterfaceOrientations_iPhone = "UIInterfaceOrientationPortrait UIInterfaceOrientationLandscapeLeft UIInterfaceOrientationLandscapeRight";
				LD_RUNPATH_SEARCH_PATHS = (
					"$(inherited)",
					"@executable_path/Frameworks",
				);
				MARKETING_VERSION = 1.0;
				PRODUCT_BUNDLE_IDENTIFIER = zjhuang.SoundWeaverTablet;
				PRODUCT_NAME = "$(TARGET_NAME)";
				SWIFT_EMIT_LOC_STRINGS = YES;
				SWIFT_VERSION = 5.0;
				TARGETED_DEVICE_FAMILY = "1,2";
			};
			name = Release;
		};
/* End XCBuildConfiguration section */

/* Begin XCConfigurationList section */
		E7BCBF752C44389E00372983 /* Build configuration list for PBXProject "SoundWeaverTablet" */ = {
			isa = XCConfigurationList;
			buildConfigurations = (
				E7BCBF862C44389F00372983 /* Debug */,
				E7BCBF872C44389F00372983 /* Release */,
			);
			defaultConfigurationIsVisible = 0;
			defaultConfigurationName = Release;
		};
		E7BCBF882C44389F00372983 /* Build configuration list for PBXNativeTarget "SoundWeaverTablet" */ = {
			isa = XCConfigurationList;
			buildConfigurations = (
				E7BCBF892C44389F00372983 /* Debug */,
				E7BCBF8A2C44389F00372983 /* Release */,
			);
			defaultConfigurationIsVisible = 0;
			defaultConfigurationName = Release;
		};
/* End XCConfigurationList section */

/* Begin XCRemoteSwiftPackageReference section */
		E7BCBF942C443C2600372983 /* XCRemoteSwiftPackageReference "firebase-ios-sdk" */ = {
			isa = XCRemoteSwiftPackageReference;
			repositoryURL = "https://github.com/firebase/firebase-ios-sdk";
			requirement = {
				kind = upToNextMajorVersion;
				minimumVersion = 10.29.0;
			};
		};
/* End XCRemoteSwiftPackageReference section */

/* Begin XCSwiftPackageProductDependency section */
		E7BCBF952C443C2600372983 /* FirebaseAnalytics */ = {
			isa = XCSwiftPackageProductDependency;
			package = E7BCBF942C443C2600372983 /* XCRemoteSwiftPackageReference "firebase-ios-sdk" */;
			productName = FirebaseAnalytics;
		};
		E7BCBF972C443C2600372983 /* FirebaseAnalyticsOnDeviceConversion */ = {
			isa = XCSwiftPackageProductDependency;
			package = E7BCBF942C443C2600372983 /* XCRemoteSwiftPackageReference "firebase-ios-sdk" */;
			productName = FirebaseAnalyticsOnDeviceConversion;
		};
		E7BCBF992C443C2600372983 /* FirebaseAnalyticsSwift */ = {
			isa = XCSwiftPackageProductDependency;
			package = E7BCBF942C443C2600372983 /* XCRemoteSwiftPackageReference "firebase-ios-sdk" */;
			productName = FirebaseAnalyticsSwift;
		};
		E7BCBF9B2C443C2600372983 /* FirebaseDatabase */ = {
			isa = XCSwiftPackageProductDependency;
			package = E7BCBF942C443C2600372983 /* XCRemoteSwiftPackageReference "firebase-ios-sdk" */;
			productName = FirebaseDatabase;
		};
		E7BCBF9D2C443C2600372983 /* FirebaseDatabaseSwift */ = {
			isa = XCSwiftPackageProductDependency;
			package = E7BCBF942C443C2600372983 /* XCRemoteSwiftPackageReference "firebase-ios-sdk" */;
			productName = FirebaseDatabaseSwift;
		};
		E7BCBF9F2C443C2600372983 /* FirebaseFirestore */ = {
			isa = XCSwiftPackageProductDependency;
			package = E7BCBF942C443C2600372983 /* XCRemoteSwiftPackageReference "firebase-ios-sdk" */;
			productName = FirebaseFirestore;
		};
		E7BCBFA12C443C2600372983 /* FirebaseFirestoreCombine-Community */ = {
			isa = XCSwiftPackageProductDependency;
			package = E7BCBF942C443C2600372983 /* XCRemoteSwiftPackageReference "firebase-ios-sdk" */;
			productName = "FirebaseFirestoreCombine-Community";
		};
		E7BCBFA32C443C2600372983 /* FirebaseFirestoreSwift */ = {
			isa = XCSwiftPackageProductDependency;
			package = E7BCBF942C443C2600372983 /* XCRemoteSwiftPackageReference "firebase-ios-sdk" */;
			productName = FirebaseFirestoreSwift;
		};
/* End XCSwiftPackageProductDependency section */
	};
	rootObject = E7BCBF722C44389E00372983 /* Project object */;
}
